// !$*UTF8*$!
{
	archiveVersion = 1;
	classes = {
	};
	objectVersion = 55;
	objects = {

/* Begin PBXBuildFile section */
		95783A9627EC6E4500E5DFEE /* AppDelegate.swift in Sources */ = {isa = PBXBuildFile; fileRef = 95783A9527EC6E4500E5DFEE /* AppDelegate.swift */; };
		95783A9827EC6E4500E5DFEE /* SceneDelegate.swift in Sources */ = {isa = PBXBuildFile; fileRef = 95783A9727EC6E4500E5DFEE /* SceneDelegate.swift */; };
		95783A9A27EC6E4500E5DFEE /* ToDoController.swift in Sources */ = {isa = PBXBuildFile; fileRef = 95783A9927EC6E4500E5DFEE /* ToDoController.swift */; };
		95783A9D27EC6E4500E5DFEE /* Main.storyboard in Resources */ = {isa = PBXBuildFile; fileRef = 95783A9B27EC6E4500E5DFEE /* Main.storyboard */; };
		95783AA027EC6E4500E5DFEE /* TASK_IT.xcdatamodeld in Sources */ = {isa = PBXBuildFile; fileRef = 95783A9E27EC6E4500E5DFEE /* TASK_IT.xcdatamodeld */; };
		95783AA227EC6E4700E5DFEE /* Assets.xcassets in Resources */ = {isa = PBXBuildFile; fileRef = 95783AA127EC6E4700E5DFEE /* Assets.xcassets */; };
		95783AA527EC6E4700E5DFEE /* LaunchScreen.storyboard in Resources */ = {isa = PBXBuildFile; fileRef = 95783AA327EC6E4700E5DFEE /* LaunchScreen.storyboard */; };
/* End PBXBuildFile section */

/* Begin PBXFileReference section */
		95783A9227EC6E4500E5DFEE /* TASK IT.app */ = {isa = PBXFileReference; explicitFileType = wrapper.application; includeInIndex = 0; path = "TASK IT.app"; sourceTree = BUILT_PRODUCTS_DIR; };
		95783A9527EC6E4500E5DFEE /* AppDelegate.swift */ = {isa = PBXFileReference; lastKnownFileType = sourcecode.swift; path = AppDelegate.swift; sourceTree = "<group>"; };
		95783A9727EC6E4500E5DFEE /* SceneDelegate.swift */ = {isa = PBXFileReference; lastKnownFileType = sourcecode.swift; path = SceneDelegate.swift; sourceTree = "<group>"; };
		95783A9927EC6E4500E5DFEE /* ToDoController.swift */ = {isa = PBXFileReference; lastKnownFileType = sourcecode.swift; path = ToDoController.swift; sourceTree = "<group>"; };
		95783A9C27EC6E4500E5DFEE /* Base */ = {isa = PBXFileReference; lastKnownFileType = file.storyboard; name = Base; path = Base.lproj/Main.storyboard; sourceTree = "<group>"; };
		95783A9F27EC6E4500E5DFEE /* TASK_IT.xcdatamodel */ = {isa = PBXFileReference; lastKnownFileType = wrapper.xcdatamodel; path = TASK_IT.xcdatamodel; sourceTree = "<group>"; };
		95783AA127EC6E4700E5DFEE /* Assets.xcassets */ = {isa = PBXFileReference; lastKnownFileType = folder.assetcatalog; path = Assets.xcassets; sourceTree = "<group>"; };
		95783AA427EC6E4700E5DFEE /* Base */ = {isa = PBXFileReference; lastKnownFileType = file.storyboard; name = Base; path = Base.lproj/LaunchScreen.storyboard; sourceTree = "<group>"; };
		95783AA627EC6E4700E5DFEE /* Info.plist */ = {isa = PBXFileReference; lastKnownFileType = text.plist.xml; path = Info.plist; sourceTree = "<group>"; };
/* End PBXFileReference section */

/* Begin PBXFrameworksBuildPhase section */
		95783A8F27EC6E4500E5DFEE /* Frameworks */ = {
			isa = PBXFrameworksBuildPhase;
			buildActionMask = 2147483647;
			files = (
			);
			runOnlyForDeploymentPostprocessing = 0;
		};
/* End PBXFrameworksBuildPhase section */

/* Begin PBXGroup section */
		95783A8927EC6E4500E5DFEE = {
			isa = PBXGroup;
			children = (
				95783A9427EC6E4500E5DFEE /* TASK IT */,
				95783A9327EC6E4500E5DFEE /* Products */,
			);
			sourceTree = "<group>";
		};
		95783A9327EC6E4500E5DFEE /* Products */ = {
			isa = PBXGroup;
			children = (
				95783A9227EC6E4500E5DFEE /* TASK IT.app */,
			);
			name = Products;
			sourceTree = "<group>";
		};
		95783A9427EC6E4500E5DFEE /* TASK IT */ = {
			isa = PBXGroup;
			children = (
				95783A9527EC6E4500E5DFEE /* AppDelegate.swift */,
				95783A9727EC6E4500E5DFEE /* SceneDelegate.swift */,
				95783A9927EC6E4500E5DFEE /* ToDoController.swift */,
				95783A9B27EC6E4500E5DFEE /* Main.storyboard */,
				95783AA127EC6E4700E5DFEE /* Assets.xcassets */,
				95783AA327EC6E4700E5DFEE /* LaunchScreen.storyboard */,
				95783AA627EC6E4700E5DFEE /* Info.plist */,
				95783A9E27EC6E4500E5DFEE /* TASK_IT.xcdatamodeld */,
			);
			path = "TASK IT";
			sourceTree = "<group>";
		};
/* End PBXGroup section */

/* Begin PBXNativeTarget section */
		95783A9127EC6E4500E5DFEE /* TASK IT */ = {
			isa = PBXNativeTarget;
			buildConfigurationList = 95783AA927EC6E4700E5DFEE /* Build configuration list for PBXNativeTarget "TASK IT" */;
			buildPhases = (
				95783A8E27EC6E4500E5DFEE /* Sources */,
				95783A8F27EC6E4500E5DFEE /* Frameworks */,
				95783A9027EC6E4500E5DFEE /* Resources */,
			);
			buildRules = (
			);
			dependencies = (
			);
			name = "TASK IT";
			productName = "TASK IT";
			productReference = 95783A9227EC6E4500E5DFEE /* TASK IT.app */;
			productType = "com.apple.product-type.application";
		};
/* End PBXNativeTarget section */

/* Begin PBXProject section */
		95783A8A27EC6E4500E5DFEE /* Project object */ = {
			isa = PBXProject;
			attributes = {
				BuildIndependentTargetsInParallel = 1;
				LastSwiftUpdateCheck = 1320;
				LastUpgradeCheck = 1320;
				TargetAttributes = {
					95783A9127EC6E4500E5DFEE = {
						CreatedOnToolsVersion = 13.2.1;
					};
				};
			};
			buildConfigurationList = 95783A8D27EC6E4500E5DFEE /* Build configuration list for PBXProject "TASK IT" */;
			compatibilityVersion = "Xcode 13.0";
			developmentRegion = en;
			hasScannedForEncodings = 0;
			knownRegions = (
				en,
				Base,
			);
			mainGroup = 95783A8927EC6E4500E5DFEE;
			productRefGroup = 95783A9327EC6E4500E5DFEE /* Products */;
			projectDirPath = "";
			projectRoot = "";
			targets = (
				95783A9127EC6E4500E5DFEE /* TASK IT */,
			);
		};
/* End PBXProject section */

/* Begin PBXResourcesBuildPhase section */
		95783A9027EC6E4500E5DFEE /* Resources */ = {
			isa = PBXResourcesBuildPhase;
			buildActionMask = 2147483647;
			files = (
				95783AA527EC6E4700E5DFEE /* LaunchScreen.storyboard in Resources */,
				95783AA227EC6E4700E5DFEE /* Assets.xcassets in Resources */,
				95783A9D27EC6E4500E5DFEE /* Main.storyboard in Resources */,
			);
			runOnlyForDeploymentPostprocessing = 0;
		};
/* End PBXResourcesBuildPhase section */

/* Begin PBXSourcesBuildPhase section */
		95783A8E27EC6E4500E5DFEE /* Sources */ = {
			isa = PBXSourcesBuildPhase;
			buildActionMask = 2147483647;
			files = (
				95783A9A27EC6E4500E5DFEE /* ToDoController.swift in Sources */,
				95783A9627EC6E4500E5DFEE /* AppDelegate.swift in Sources */,
				95783A9827EC6E4500E5DFEE /* SceneDelegate.swift in Sources */,
				95783AA027EC6E4500E5DFEE /* TASK_IT.xcdatamodeld in Sources */,
			);
			runOnlyForDeploymentPostprocessing = 0;
		};
/* End PBXSourcesBuildPhase section */

/* Begin PBXVariantGroup section */
		95783A9B27EC6E4500E5DFEE /* Main.storyboard */ = {
			isa = PBXVariantGroup;
			children = (
				95783A9C27EC6E4500E5DFEE /* Base */,
			);
			name = Main.storyboard;
			sourceTree = "<group>";
		};
		95783AA327EC6E4700E5DFEE /* LaunchScreen.storyboard */ = {
			isa = PBXVariantGroup;
			children = (
				95783AA427EC6E4700E5DFEE /* Base */,
			);
			name = LaunchScreen.storyboard;
			sourceTree = "<group>";
		};
/* End PBXVariantGroup section */

/* Begin XCBuildConfiguration section */
		95783AA727EC6E4700E5DFEE /* Debug */ = {
			isa = XCBuildConfiguration;
			buildSettings = {
				ALWAYS_SEARCH_USER_PATHS = NO;
				CLANG_ANALYZER_NONNULL = YES;
				CLANG_ANALYZER_NUMBER_OBJECT_CONVERSION = YES_AGGRESSIVE;
				CLANG_CXX_LANGUAGE_STANDARD = "gnu++17";
				CLANG_CXX_LIBRARY = "libc++";
				CLANG_ENABLE_MODULES = YES;
				CLANG_ENABLE_OBJC_ARC = YES;
				CLANG_ENABLE_OBJC_WEAK = YES;
				CLANG_WARN_BLOCK_CAPTURE_AUTORELEASING = YES;
				CLANG_WARN_BOOL_CONVERSION = YES;
				CLANG_WARN_COMMA = YES;
				CLANG_WARN_CONSTANT_CONVERSION = YES;
				CLANG_WARN_DEPRECATED_OBJC_IMPLEMENTATIONS = YES;
				CLANG_WARN_DIRECT_OBJC_ISA_USAGE = YES_ERROR;
				CLANG_WARN_DOCUMENTATION_COMMENTS = YES;
				CLANG_WARN_EMPTY_BODY = YES;
				CLANG_WARN_ENUM_CONVERSION = YES;
				CLANG_WARN_INFINITE_RECURSION = YES;
				CLANG_WARN_INT_CONVERSION = YES;
				CLANG_WARN_NON_LITERAL_NULL_CONVERSION = YES;
				CLANG_WARN_OBJC_IMPLICIT_RETAIN_SELF = YES;
				CLANG_WARN_OBJC_LITERAL_CONVERSION = YES;
				CLANG_WARN_OBJC_ROOT_CLASS = YES_ERROR;
				CLANG_WARN_QUOTED_INCLUDE_IN_FRAMEWORK_HEADER = YES;
				CLANG_WARN_RANGE_LOOP_ANALYSIS = YES;
				CLANG_WARN_STRICT_PROTOTYPES = YES;
				CLANG_WARN_SUSPICIOUS_MOVE = YES;
				CLANG_WARN_UNGUARDED_AVAILABILITY = YES_AGGRESSIVE;
				CLANG_WARN_UNREACHABLE_CODE = YES;
				CLANG_WARN__DUPLICATE_METHOD_MATCH = YES;
				COPY_PHASE_STRIP = NO;
				DEBUG_INFORMATION_FORMAT = dwarf;
				ENABLE_STRICT_OBJC_MSGSEND = YES;
				ENABLE_TESTABILITY = YES;
				GCC_C_LANGUAGE_STANDARD = gnu11;
				GCC_DYNAMIC_NO_PIC = NO;
				GCC_NO_COMMON_BLOCKS = YES;
				GCC_OPTIMIZATION_LEVEL = 0;
				GCC_PREPROCESSOR_DEFINITIONS = (
					"DEBUG=1",
					"$(inherited)",
				);
				GCC_WARN_64_TO_32_BIT_CONVERSION = YES;
				GCC_WARN_ABOUT_RETURN_TYPE = YES_ERROR;
				GCC_WARN_UNDECLARED_SELECTOR = YES;
				GCC_WARN_UNINITIALIZED_AUTOS = YES_AGGRESSIVE;
				GCC_WARN_UNUSED_FUNCTION = YES;
				GCC_WARN_UNUSED_VARIABLE = YES;
				IPHONEOS_DEPLOYMENT_TARGET = 15.2;
				MTL_ENABLE_DEBUG_INFO = INCLUDE_SOURCE;
				MTL_FAST_MATH = YES;
				ONLY_ACTIVE_ARCH = YES;
				SDKROOT = iphoneos;
				SWIFT_ACTIVE_COMPILATION_CONDITIONS = DEBUG;
				SWIFT_OPTIMIZATION_LEVEL = "-Onone";
			};
			name = Debug;
		};
		95783AA827EC6E4700E5DFEE /* Release */ = {
			isa = XCBuildConfiguration;
			buildSettings = {
				ALWAYS_SEARCH_USER_PATHS = NO;
				CLANG_ANALYZER_NONNULL = YES;
				CLANG_ANALYZER_NUMBER_OBJECT_CONVERSION = YES_AGGRESSIVE;
				CLANG_CXX_LANGUAGE_STANDARD = "gnu++17";
				CLANG_CXX_LIBRARY = "libc++";
				CLANG_ENABLE_MODULES = YES;
				CLANG_ENABLE_OBJC_ARC = YES;
				CLANG_ENABLE_OBJC_WEAK = YES;
				CLANG_WARN_BLOCK_CAPTURE_AUTORELEASING = YES;
				CLANG_WARN_BOOL_CONVERSION = YES;
				CLANG_WARN_COMMA = YES;
				CLANG_WARN_CONSTANT_CONVERSION = YES;
				CLANG_WARN_DEPRECATED_OBJC_IMPLEMENTATIONS = YES;
				CLANG_WARN_DIRECT_OBJC_ISA_USAGE = YES_ERROR;
				CLANG_WARN_DOCUMENTATION_COMMENTS = YES;
				CLANG_WARN_EMPTY_BODY = YES;
				CLANG_WARN_ENUM_CONVERSION = YES;
				CLANG_WARN_INFINITE_RECURSION = YES;
				CLANG_WARN_INT_CONVERSION = YES;
				CLANG_WARN_NON_LITERAL_NULL_CONVERSION = YES;
				CLANG_WARN_OBJC_IMPLICIT_RETAIN_SELF = YES;
				CLANG_WARN_OBJC_LITERAL_CONVERSION = YES;
				CLANG_WARN_OBJC_ROOT_CLASS = YES_ERROR;
				CLANG_WARN_QUOTED_INCLUDE_IN_FRAMEWORK_HEADER = YES;
				CLANG_WARN_RANGE_LOOP_ANALYSIS = YES;
				CLANG_WARN_STRICT_PROTOTYPES = YES;
				CLANG_WARN_SUSPICIOUS_MOVE = YES;
				CLANG_WARN_UNGUARDED_AVAILABILITY = YES_AGGRESSIVE;
				CLANG_WARN_UNREACHABLE_CODE = YES;
				CLANG_WARN__DUPLICATE_METHOD_MATCH = YES;
				COPY_PHASE_STRIP = NO;
				DEBUG_INFORMATION_FORMAT = "dwarf-with-dsym";
				ENABLE_NS_ASSERTIONS = NO;
				ENABLE_STRICT_OBJC_MSGSEND = YES;
				GCC_C_LANGUAGE_STANDARD = gnu11;
				GCC_NO_COMMON_BLOCKS = YES;
				GCC_WARN_64_TO_32_BIT_CONVERSION = YES;
				GCC_WARN_ABOUT_RETURN_TYPE = YES_ERROR;
				GCC_WARN_UNDECLARED_SELECTOR = YES;
				GCC_WARN_UNINITIALIZED_AUTOS = YES_AGGRESSIVE;
				GCC_WARN_UNUSED_FUNCTION = YES;
				GCC_WARN_UNUSED_VARIABLE = YES;
				IPHONEOS_DEPLOYMENT_TARGET = 15.2;
				MTL_ENABLE_DEBUG_INFO = NO;
				MTL_FAST_MATH = YES;
				SDKROOT = iphoneos;
				SWIFT_COMPILATION_MODE = wholemodule;
				SWIFT_OPTIMIZATION_LEVEL = "-O";
				VALIDATE_PRODUCT = YES;
			};
			name = Release;
		};
		95783AAA27EC6E4700E5DFEE /* Debug */ = {
			isa = XCBuildConfiguration;
			buildSettings = {
				ASSETCATALOG_COMPILER_APPICON_NAME = AppIcon;
				ASSETCATALOG_COMPILER_GLOBAL_ACCENT_COLOR_NAME = AccentColor;
				CODE_SIGN_STYLE = Automatic;
				CURRENT_PROJECT_VERSION = 1;
				GENERATE_INFOPLIST_FILE = YES;
				INFOPLIST_FILE = "TASK IT/Info.plist";
				INFOPLIST_KEY_UIApplicationSupportsIndirectInputEvents = YES;
				INFOPLIST_KEY_UILaunchStoryboardName = LaunchScreen;
				INFOPLIST_KEY_UIMainStoryboardFile = Main;
				INFOPLIST_KEY_UISupportedInterfaceOrientations_iPad = "UIInterfaceOrientationPortrait UIInterfaceOrientationPortraitUpsideDown UIInterfaceOrientationLandscapeLeft UIInterfaceOrientationLandscapeRight";
				INFOPLIST_KEY_UISupportedInterfaceOrientations_iPhone = "UIInterfaceOrientationPortrait UIInterfaceOrientationLandscapeLeft UIInterfaceOrientationLandscapeRight";
				LD_RUNPATH_SEARCH_PATHS = (
					"$(inherited)",
					"@executable_path/Frameworks",
				);
				MARKETING_VERSION = 1.0;
				PRODUCT_BUNDLE_IDENTIFIER = "bmiit.TASK-IT";
				PRODUCT_NAME = "$(TARGET_NAME)";
				SWIFT_EMIT_LOC_STRINGS = YES;
				SWIFT_VERSION = 5.0;
				TARGETED_DEVICE_FAMILY = "1,2";
			};
			name = Debug;
		};
		95783AAB27EC6E4700E5DFEE /* Release */ = {
			isa = XCBuildConfiguration;
			buildSettings = {
				ASSETCATALOG_COMPILER_APPICON_NAME = AppIcon;
				ASSETCATALOG_COMPILER_GLOBAL_ACCENT_COLOR_NAME = AccentColor;
				CODE_SIGN_STYLE = Automatic;
				CURRENT_PROJECT_VERSION = 1;
				GENERATE_INFOPLIST_FILE = YES;
				INFOPLIST_FILE = "TASK IT/Info.plist";
				INFOPLIST_KEY_UIApplicationSupportsIndirectInputEvents = YES;
				INFOPLIST_KEY_UILaunchStoryboardName = LaunchScreen;
				INFOPLIST_KEY_UIMainStoryboardFile = Main;
				INFOPLIST_KEY_UISupportedInterfaceOrientations_iPad = "UIInterfaceOrientationPortrait UIInterfaceOrientationPortraitUpsideDown UIInterfaceOrientationLandscapeLeft UIInterfaceOrientationLandscapeRight";
				INFOPLIST_KEY_UISupportedInterfaceOrientations_iPhone = "UIInterfaceOrientationPortrait UIInterfaceOrientationLandscapeLeft UIInterfaceOrientationLandscapeRight";
				LD_RUNPATH_SEARCH_PATHS = (
					"$(inherited)",
					"@executable_path/Frameworks",
				);
				MARKETING_VERSION = 1.0;
				PRODUCT_BUNDLE_IDENTIFIER = "bmiit.TASK-IT";
				PRODUCT_NAME = "$(TARGET_NAME)";
				SWIFT_EMIT_LOC_STRINGS = YES;
				SWIFT_VERSION = 5.0;
				TARGETED_DEVICE_FAMILY = "1,2";
			};
			name = Release;
		};
/* End XCBuildConfiguration section */

/* Begin XCConfigurationList section */
		95783A8D27EC6E4500E5DFEE /* Build configuration list for PBXProject "TASK IT" */ = {
			isa = XCConfigurationList;
			buildConfigurations = (
				95783AA727EC6E4700E5DFEE /* Debug */,
				95783AA827EC6E4700E5DFEE /* Release */,
			);
			defaultConfigurationIsVisible = 0;
			defaultConfigurationName = Release;
		};
		95783AA927EC6E4700E5DFEE /* Build configuration list for PBXNativeTarget "TASK IT" */ = {
			isa = XCConfigurationList;
			buildConfigurations = (
				95783AAA27EC6E4700E5DFEE /* Debug */,
				95783AAB27EC6E4700E5DFEE /* Release */,
			);
			defaultConfigurationIsVisible = 0;
			defaultConfigurationName = Release;
		};
/* End XCConfigurationList section */

/* Begin XCVersionGroup section */
		95783A9E27EC6E4500E5DFEE /* TASK_IT.xcdatamodeld */ = {
			isa = XCVersionGroup;
			children = (
				95783A9F27EC6E4500E5DFEE /* TASK_IT.xcdatamodel */,
			);
			currentVersion = 95783A9F27EC6E4500E5DFEE /* TASK_IT.xcdatamodel */;
			path = TASK_IT.xcdatamodeld;
			sourceTree = "<group>";
			versionGroupType = wrapper.xcdatamodel;
		};
/* End XCVersionGroup section */
	};
	rootObject = 95783A8A27EC6E4500E5DFEE /* Project object */;
}
